
Microsoft Visual Studio Solution File, Format Version 12.00
# Visual Studio Version 17
VisualStudioVersion = 17.10.35201.131
MinimumVisualStudioVersion = 10.0.40219.1
Project("{FAE04EC0-301F-11D3-BF4B-00C04F79EFBC}") = "DTS_eShopee.WebApp", "DTS_eShopee.WebApp.csproj", "{93E0F900-7E11-47EA-9E12-B830B6A07991}"
EndProject
Global
	GlobalSection(SolutionConfigurationPlatforms) = preSolution
		Debug|Any CPU = Debug|Any CPU
		Release|Any CPU = Release|Any CPU
	EndGlobalSection
	GlobalSection(ProjectConfigurationPlatforms) = postSolution
		{93E0F900-7E11-47EA-9E12-B830B6A07991}.Debug|Any CPU.ActiveCfg = Debug|Any CPU
		{93E0F900-7E11-47EA-9E12-B830B6A07991}.Debug|Any CPU.Build.0 = Debug|Any CPU
		{93E0F900-7E11-47EA-9E12-B830B6A07991}.Release|Any CPU.ActiveCfg = Release|Any CPU
		{93E0F900-7E11-47EA-9E12-B830B6A07991}.Release|Any CPU.Build.0 = Release|Any CPU
	EndGlobalSection
	GlobalSection(SolutionProperties) = preSolution
		HideSolutionNode = FALSE
	EndGlobalSection
	GlobalSection(ExtensibilityGlobals) = postSolution
		SolutionGuid = {3F467B99-65E0-4C91-AB3C-36A8053A22AD}
	EndGlobalSection
EndGlobal
